
Microsoft Visual Studio Solution File, Format Version 12.00
# Visual Studio Version 16
VisualStudioVersion = 16.0.31005.135
MinimumVisualStudioVersion = 10.0.40219.1
Project("{FAE04EC0-301F-11D3-BF4B-00C04F79EFBC}") = "lab4.1", "lab4.1\lab4.1.csproj", "{66993028-B4AA-43EF-B4F3-7AAE7D41C0DD}"
EndProject
Global
	GlobalSection(SolutionConfigurationPlatforms) = preSolution
		Debug|Any CPU = Debug|Any CPU
		Release|Any CPU = Release|Any CPU
	EndGlobalSection
	GlobalSection(ProjectConfigurationPlatforms) = postSolution
		{66993028-B4AA-43EF-B4F3-7AAE7D41C0DD}.Debug|Any CPU.ActiveCfg = Debug|Any CPU
		{66993028-B4AA-43EF-B4F3-7AAE7D41C0DD}.Debug|Any CPU.Build.0 = Debug|Any CPU
		{66993028-B4AA-43EF-B4F3-7AAE7D41C0DD}.Release|Any CPU.ActiveCfg = Release|Any CPU
		{66993028-B4AA-43EF-B4F3-7AAE7D41C0DD}.Release|Any CPU.Build.0 = Release|Any CPU
	EndGlobalSection
	GlobalSection(SolutionProperties) = preSolution
		HideSolutionNode = FALSE
	EndGlobalSection
	GlobalSection(ExtensibilityGlobals) = postSolution
		SolutionGuid = {A9D169D6-0910-4955-A3E6-923352200D97}
	EndGlobalSection
EndGlobal
