
Microsoft Visual Studio Solution File, Format Version 12.00
# Visual Studio Version 16
VisualStudioVersion = 16.0.31005.135
MinimumVisualStudioVersion = 10.0.40219.1
Project("{FAE04EC0-301F-11D3-BF4B-00C04F79EFBC}") = "lab4.2", "lab4.2\lab4.2.csproj", "{00C1BF4F-5B67-4C58-8C47-1266CBD2DDDD}"
EndProject
Global
	GlobalSection(SolutionConfigurationPlatforms) = preSolution
		Debug|Any CPU = Debug|Any CPU
		Release|Any CPU = Release|Any CPU
	EndGlobalSection
	GlobalSection(ProjectConfigurationPlatforms) = postSolution
		{00C1BF4F-5B67-4C58-8C47-1266CBD2DDDD}.Debug|Any CPU.ActiveCfg = Debug|Any CPU
		{00C1BF4F-5B67-4C58-8C47-1266CBD2DDDD}.Debug|Any CPU.Build.0 = Debug|Any CPU
		{00C1BF4F-5B67-4C58-8C47-1266CBD2DDDD}.Release|Any CPU.ActiveCfg = Release|Any CPU
		{00C1BF4F-5B67-4C58-8C47-1266CBD2DDDD}.Release|Any CPU.Build.0 = Release|Any CPU
	EndGlobalSection
	GlobalSection(SolutionProperties) = preSolution
		HideSolutionNode = FALSE
	EndGlobalSection
	GlobalSection(ExtensibilityGlobals) = postSolution
		SolutionGuid = {F1E75508-0484-4660-81B3-4E583DC70F43}
	EndGlobalSection
EndGlobal
